Microsoft Visual Studio Solution File, Format Version 12.00
# Visual Studio 2012
Project("{FAE04EC0-301F-11D3-BF4B-00C04F79EFBC}") = "Godot Trek", "Godot Trek.csproj", "{917F2734-5B01-4E98-B773-8F502FF5A606}"
EndProject
Global
	GlobalSection(SolutionConfigurationPlatforms) = preSolution
	Debug|Any CPU = Debug|Any CPU
	ExportDebug|Any CPU = ExportDebug|Any CPU
	ExportRelease|Any CPU = ExportRelease|Any CPU
	EndGlobalSection
	GlobalSection(ProjectConfigurationPlatforms) = postSolution
		{917F2734-5B01-4E98-B773-8F502FF5A606}.Debug|Any CPU.ActiveCfg = Debug|Any CPU
		{917F2734-5B01-4E98-B773-8F502FF5A606}.Debug|Any CPU.Build.0 = Debug|Any CPU
		{917F2734-5B01-4E98-B773-8F502FF5A606}.ExportDebug|Any CPU.ActiveCfg = ExportDebug|Any CPU
		{917F2734-5B01-4E98-B773-8F502FF5A606}.ExportDebug|Any CPU.Build.0 = ExportDebug|Any CPU
		{917F2734-5B01-4E98-B773-8F502FF5A606}.ExportRelease|Any CPU.ActiveCfg = ExportRelease|Any CPU
		{917F2734-5B01-4E98-B773-8F502FF5A606}.ExportRelease|Any CPU.Build.0 = ExportRelease|Any CPU
	EndGlobalSection
EndGlobal
